
Microsoft Visual Studio Solution File, Format Version 12.00
# Visual Studio Version 16
VisualStudioVersion = 16.0.31313.79
MinimumVisualStudioVersion = 10.0.40219.1
Project("{9A19103F-16F7-4668-BE54-9A1E7A4F7556}") = "LjubavNaPmfu", "LjubavNaPmfu.csproj", "{CE7FB7B6-5B33-41CE-9FD9-ED9753153F40}"
EndProject
Project("{FAE04EC0-301F-11D3-BF4B-00C04F79EFBC}") = "LjubavNaPmfuTest", "..\LjubavNaPmfuTest\LjubavNaPmfuTest.csproj", "{51FBE042-2C9B-4DFE-BB84-738BDCFFDF8D}"
EndProject
Global
	GlobalSection(SolutionConfigurationPlatforms) = preSolution
		Debug|Any CPU = Debug|Any CPU
		Release|Any CPU = Release|Any CPU
	EndGlobalSection
	GlobalSection(ProjectConfigurationPlatforms) = postSolution
		{CE7FB7B6-5B33-41CE-9FD9-ED9753153F40}.Debug|Any CPU.ActiveCfg = Debug|Any CPU
		{CE7FB7B6-5B33-41CE-9FD9-ED9753153F40}.Debug|Any CPU.Build.0 = Debug|Any CPU
		{CE7FB7B6-5B33-41CE-9FD9-ED9753153F40}.Release|Any CPU.ActiveCfg = Release|Any CPU
		{CE7FB7B6-5B33-41CE-9FD9-ED9753153F40}.Release|Any CPU.Build.0 = Release|Any CPU
		{51FBE042-2C9B-4DFE-BB84-738BDCFFDF8D}.Debug|Any CPU.ActiveCfg = Debug|Any CPU
		{51FBE042-2C9B-4DFE-BB84-738BDCFFDF8D}.Debug|Any CPU.Build.0 = Debug|Any CPU
		{51FBE042-2C9B-4DFE-BB84-738BDCFFDF8D}.Release|Any CPU.ActiveCfg = Release|Any CPU
		{51FBE042-2C9B-4DFE-BB84-738BDCFFDF8D}.Release|Any CPU.Build.0 = Release|Any CPU
	EndGlobalSection
	GlobalSection(SolutionProperties) = preSolution
		HideSolutionNode = FALSE
	EndGlobalSection
	GlobalSection(ExtensibilityGlobals) = postSolution
		SolutionGuid = {5B1E6A8C-095C-413E-8977-26E724FBDD27}
	EndGlobalSection
EndGlobal
